// !$*UTF8*$!
{
	archiveVersion = 1;
	classes = {
	};
	objectVersion = 46;
	objects = {

/* Begin PBXBuildFile section */
		B453F6A41C60C8BA00289EBD /* AppDelegate.swift in Sources */ = {isa = PBXBuildFile; fileRef = B453F6A31C60C8BA00289EBD /* AppDelegate.swift */; };
		B453F6A91C60C8BA00289EBD /* Main.storyboard in Resources */ = {isa = PBXBuildFile; fileRef = B453F6A71C60C8BA00289EBD /* Main.storyboard */; };
		B453F6AB1C60C8BA00289EBD /* Assets.xcassets in Resources */ = {isa = PBXBuildFile; fileRef = B453F6AA1C60C8BA00289EBD /* Assets.xcassets */; };
		B453F6AE1C60C8BA00289EBD /* LaunchScreen.storyboard in Resources */ = {isa = PBXBuildFile; fileRef = B453F6AC1C60C8BA00289EBD /* LaunchScreen.storyboard */; };
		B453F6B91C60C8BB00289EBD /* transitionDemoTests.swift in Sources */ = {isa = PBXBuildFile; fileRef = B453F6B81C60C8BB00289EBD /* transitionDemoTests.swift */; };
		B453F6C41C60C8BB00289EBD /* transitionDemoUITests.swift in Sources */ = {isa = PBXBuildFile; fileRef = B453F6C31C60C8BB00289EBD /* transitionDemoUITests.swift */; };
		B453F6D21C60CDD900289EBD /* TDTableViewController.swift in Sources */ = {isa = PBXBuildFile; fileRef = B453F6D11C60CDD900289EBD /* TDTableViewController.swift */; };
		B453F6D41C60CDEB00289EBD /* TDViewController.swift in Sources */ = {isa = PBXBuildFile; fileRef = B453F6D31C60CDEB00289EBD /* TDViewController.swift */; };
		B453F6D91C60FF7200289EBD /* DetailStoryboardSegue.swift in Sources */ = {isa = PBXBuildFile; fileRef = B453F6D81C60FF7200289EBD /* DetailStoryboardSegue.swift */; };
		B453F6DB1C61B98500289EBD /* DetailTransitioningAnimator.swift in Sources */ = {isa = PBXBuildFile; fileRef = B453F6DA1C61B98500289EBD /* DetailTransitioningAnimator.swift */; };
		B453F6DD1C61C41D00289EBD /* NavigationControllerDelegate.swift in Sources */ = {isa = PBXBuildFile; fileRef = B453F6DC1C61C41D00289EBD /* NavigationControllerDelegate.swift */; };
		B453F6DF1C61F07D00289EBD /* Another.storyboard in Resources */ = {isa = PBXBuildFile; fileRef = B453F6DE1C61F07D00289EBD /* Another.storyboard */; };
		B453F6E11C61F3C600289EBD /* AnotherStoryboardSegue.swift in Sources */ = {isa = PBXBuildFile; fileRef = B453F6E01C61F3C600289EBD /* AnotherStoryboardSegue.swift */; };
/* End PBXBuildFile section */

/* Begin PBXContainerItemProxy section */
		B453F6B51C60C8BB00289EBD /* PBXContainerItemProxy */ = {
			isa = PBXContainerItemProxy;
			containerPortal = B453F6981C60C8BA00289EBD /* Project object */;
			proxyType = 1;
			remoteGlobalIDString = B453F69F1C60C8BA00289EBD;
			remoteInfo = transitionDemo;
		};
		B453F6C01C60C8BB00289EBD /* PBXContainerItemProxy */ = {
			isa = PBXContainerItemProxy;
			containerPortal = B453F6981C60C8BA00289EBD /* Project object */;
			proxyType = 1;
			remoteGlobalIDString = B453F69F1C60C8BA00289EBD;
			remoteInfo = transitionDemo;
		};
/* End PBXContainerItemProxy section */

/* Begin PBXFileReference section */
		B453F6A01C60C8BA00289EBD /* transitionDemo.app */ = {isa = PBXFileReference; explicitFileType = wrapper.application; includeInIndex = 0; path = transitionDemo.app; sourceTree = BUILT_PRODUCTS_DIR; };
		B453F6A31C60C8BA00289EBD /* AppDelegate.swift */ = {isa = PBXFileReference; lastKnownFileType = sourcecode.swift; path = AppDelegate.swift; sourceTree = "<group>"; };
		B453F6A81C60C8BA00289EBD /* Base */ = {isa = PBXFileReference; lastKnownFileType = file.storyboard; name = Base; path = Base.lproj/Main.storyboard; sourceTree = "<group>"; };
		B453F6AA1C60C8BA00289EBD /* Assets.xcassets */ = {isa = PBXFileReference; lastKnownFileType = folder.assetcatalog; path = Assets.xcassets; sourceTree = "<group>"; };
		B453F6AD1C60C8BA00289EBD /* Base */ = {isa = PBXFileReference; lastKnownFileType = file.storyboard; name = Base; path = Base.lproj/LaunchScreen.storyboard; sourceTree = "<group>"; };
		B453F6AF1C60C8BA00289EBD /* Info.plist */ = {isa = PBXFileReference; lastKnownFileType = text.plist.xml; path = Info.plist; sourceTree = "<group>"; };
		B453F6B41C60C8BB00289EBD /* transitionDemoTests.xctest */ = {isa = PBXFileReference; explicitFileType = wrapper.cfbundle; includeInIndex = 0; path = transitionDemoTests.xctest; sourceTree = BUILT_PRODUCTS_DIR; };
		B453F6B81C60C8BB00289EBD /* transitionDemoTests.swift */ = {isa = PBXFileReference; lastKnownFileType = sourcecode.swift; path = transitionDemoTests.swift; sourceTree = "<group>"; };
		B453F6BA1C60C8BB00289EBD /* Info.plist */ = {isa = PBXFileReference; lastKnownFileType = text.plist.xml; path = Info.plist; sourceTree = "<group>"; };
		B453F6BF1C60C8BB00289EBD /* transitionDemoUITests.xctest */ = {isa = PBXFileReference; explicitFileType = wrapper.cfbundle; includeInIndex = 0; path = transitionDemoUITests.xctest; sourceTree = BUILT_PRODUCTS_DIR; };
		B453F6C31C60C8BB00289EBD /* transitionDemoUITests.swift */ = {isa = PBXFileReference; lastKnownFileType = sourcecode.swift; path = transitionDemoUITests.swift; sourceTree = "<group>"; };
		B453F6C51C60C8BB00289EBD /* Info.plist */ = {isa = PBXFileReference; lastKnownFileType = text.plist.xml; path = Info.plist; sourceTree = "<group>"; };
		B453F6D11C60CDD900289EBD /* TDTableViewController.swift */ = {isa = PBXFileReference; fileEncoding = 4; lastKnownFileType = sourcecode.swift; path = TDTableViewController.swift; sourceTree = "<group>"; };
		B453F6D31C60CDEB00289EBD /* TDViewController.swift */ = {isa = PBXFileReference; fileEncoding = 4; lastKnownFileType = sourcecode.swift; path = TDViewController.swift; sourceTree = "<group>"; };
		B453F6D81C60FF7200289EBD /* DetailStoryboardSegue.swift */ = {isa = PBXFileReference; fileEncoding = 4; lastKnownFileType = sourcecode.swift; path = DetailStoryboardSegue.swift; sourceTree = "<group>"; };
		B453F6DA1C61B98500289EBD /* DetailTransitioningAnimator.swift */ = {isa = PBXFileReference; fileEncoding = 4; lastKnownFileType = sourcecode.swift; path = DetailTransitioningAnimator.swift; sourceTree = "<group>"; };
		B453F6DC1C61C41D00289EBD /* NavigationControllerDelegate.swift */ = {isa = PBXFileReference; fileEncoding = 4; lastKnownFileType = sourcecode.swift; path = NavigationControllerDelegate.swift; sourceTree = "<group>"; };
		B453F6DE1C61F07D00289EBD /* Another.storyboard */ = {isa = PBXFileReference; fileEncoding = 4; lastKnownFileType = file.storyboard; path = Another.storyboard; sourceTree = "<group>"; };
		B453F6E01C61F3C600289EBD /* AnotherStoryboardSegue.swift */ = {isa = PBXFileReference; fileEncoding = 4; lastKnownFileType = sourcecode.swift; path = AnotherStoryboardSegue.swift; sourceTree = "<group>"; };
/* End PBXFileReference section */

/* Begin PBXFrameworksBuildPhase section */
		B453F69D1C60C8BA00289EBD /* Frameworks */ = {
			isa = PBXFrameworksBuildPhase;
			buildActionMask = 2147483647;
			files = (
			);
			runOnlyForDeploymentPostprocessing = 0;
		};
		B453F6B11C60C8BB00289EBD /* Frameworks */ = {
			isa = PBXFrameworksBuildPhase;
			buildActionMask = 2147483647;
			files = (
			);
			runOnlyForDeploymentPostprocessing = 0;
		};
		B453F6BC1C60C8BB00289EBD /* Frameworks */ = {
			isa = PBXFrameworksBuildPhase;
			buildActionMask = 2147483647;
			files = (
			);
			runOnlyForDeploymentPostprocessing = 0;
		};
/* End PBXFrameworksBuildPhase section */

/* Begin PBXGroup section */
		B453F6971C60C8BA00289EBD = {
			isa = PBXGroup;
			children = (
				B453F6A21C60C8BA00289EBD /* transitionDemo */,
				B453F6B71C60C8BB00289EBD /* transitionDemoTests */,
				B453F6C21C60C8BB00289EBD /* transitionDemoUITests */,
				B453F6A11C60C8BA00289EBD /* Products */,
			);
			sourceTree = "<group>";
		};
		B453F6A11C60C8BA00289EBD /* Products */ = {
			isa = PBXGroup;
			children = (
				B453F6A01C60C8BA00289EBD /* transitionDemo.app */,
				B453F6B41C60C8BB00289EBD /* transitionDemoTests.xctest */,
				B453F6BF1C60C8BB00289EBD /* transitionDemoUITests.xctest */,
			);
			name = Products;
			sourceTree = "<group>";
		};
		B453F6A21C60C8BA00289EBD /* transitionDemo */ = {
			isa = PBXGroup;
			children = (
				B453F6D61C60FF4000289EBD /* Transitioning Animation */,
				B453F6D51C60FF3700289EBD /* Custom Segue */,
				B453F6A31C60C8BA00289EBD /* AppDelegate.swift */,
				B453F6AA1C60C8BA00289EBD /* Assets.xcassets */,
				B453F6AC1C60C8BA00289EBD /* LaunchScreen.storyboard */,
				B453F6AF1C60C8BA00289EBD /* Info.plist */,
				B453F6D11C60CDD900289EBD /* TDTableViewController.swift */,
				B453F6D31C60CDEB00289EBD /* TDViewController.swift */,
				B453F6A71C60C8BA00289EBD /* Main.storyboard */,
				B453F6DE1C61F07D00289EBD /* Another.storyboard */,
			);
			path = transitionDemo;
			sourceTree = "<group>";
		};
		B453F6B71C60C8BB00289EBD /* transitionDemoTests */ = {
			isa = PBXGroup;
			children = (
				B453F6B81C60C8BB00289EBD /* transitionDemoTests.swift */,
				B453F6BA1C60C8BB00289EBD /* Info.plist */,
			);
			path = transitionDemoTests;
			sourceTree = "<group>";
		};
		B453F6C21C60C8BB00289EBD /* transitionDemoUITests */ = {
			isa = PBXGroup;
			children = (
				B453F6C31C60C8BB00289EBD /* transitionDemoUITests.swift */,
				B453F6C51C60C8BB00289EBD /* Info.plist */,
			);
			path = transitionDemoUITests;
			sourceTree = "<group>";
		};
		B453F6D51C60FF3700289EBD /* Custom Segue */ = {
			isa = PBXGroup;
			children = (
				B453F6D81C60FF7200289EBD /* DetailStoryboardSegue.swift */,
				B453F6E01C61F3C600289EBD /* AnotherStoryboardSegue.swift */,
			);
			name = "Custom Segue";
			sourceTree = "<group>";
		};
		B453F6D61C60FF4000289EBD /* Transitioning Animation */ = {
			isa = PBXGroup;
			children = (
				B453F6DA1C61B98500289EBD /* DetailTransitioningAnimator.swift */,
				B453F6DC1C61C41D00289EBD /* NavigationControllerDelegate.swift */,
			);
			name = "Transitioning Animation";
			sourceTree = "<group>";
		};
/* End PBXGroup section */

/* Begin PBXNativeTarget section */
		B453F69F1C60C8BA00289EBD /* transitionDemo */ = {
			isa = PBXNativeTarget;
			buildConfigurationList = B453F6C81C60C8BB00289EBD /* Build configuration list for PBXNativeTarget "transitionDemo" */;
			buildPhases = (
				B453F69C1C60C8BA00289EBD /* Sources */,
				B453F69D1C60C8BA00289EBD /* Frameworks */,
				B453F69E1C60C8BA00289EBD /* Resources */,
			);
			buildRules = (
			);
			dependencies = (
			);
			name = transitionDemo;
			productName = transitionDemo;
			productReference = B453F6A01C60C8BA00289EBD /* transitionDemo.app */;
			productType = "com.apple.product-type.application";
		};
		B453F6B31C60C8BB00289EBD /* transitionDemoTests */ = {
			isa = PBXNativeTarget;
			buildConfigurationList = B453F6CB1C60C8BB00289EBD /* Build configuration list for PBXNativeTarget "transitionDemoTests" */;
			buildPhases = (
				B453F6B01C60C8BB00289EBD /* Sources */,
				B453F6B11C60C8BB00289EBD /* Frameworks */,
				B453F6B21C60C8BB00289EBD /* Resources */,
			);
			buildRules = (
			);
			dependencies = (
				B453F6B61C60C8BB00289EBD /* PBXTargetDependency */,
			);
			name = transitionDemoTests;
			productName = transitionDemoTests;
			productReference = B453F6B41C60C8BB00289EBD /* transitionDemoTests.xctest */;
			productType = "com.apple.product-type.bundle.unit-test";
		};
		B453F6BE1C60C8BB00289EBD /* transitionDemoUITests */ = {
			isa = PBXNativeTarget;
			buildConfigurationList = B453F6CE1C60C8BB00289EBD /* Build configuration list for PBXNativeTarget "transitionDemoUITests" */;
			buildPhases = (
				B453F6BB1C60C8BB00289EBD /* Sources */,
				B453F6BC1C60C8BB00289EBD /* Frameworks */,
				B453F6BD1C60C8BB00289EBD /* Resources */,
			);
			buildRules = (
			);
			dependencies = (
				B453F6C11C60C8BB00289EBD /* PBXTargetDependency */,
			);
			name = transitionDemoUITests;
			productName = transitionDemoUITests;
			productReference = B453F6BF1C60C8BB00289EBD /* transitionDemoUITests.xctest */;
			productType = "com.apple.product-type.bundle.ui-testing";
		};
/* End PBXNativeTarget section */

/* Begin PBXProject section */
		B453F6981C60C8BA00289EBD /* Project object */ = {
			isa = PBXProject;
			attributes = {
				LastSwiftUpdateCheck = 0730;
				LastUpgradeCheck = 0730;
				ORGANIZATIONNAME = "Dynamic Cell";
				TargetAttributes = {
					B453F69F1C60C8BA00289EBD = {
						CreatedOnToolsVersion = 7.3;
					};
					B453F6B31C60C8BB00289EBD = {
						CreatedOnToolsVersion = 7.3;
						TestTargetID = B453F69F1C60C8BA00289EBD;
					};
					B453F6BE1C60C8BB00289EBD = {
						CreatedOnToolsVersion = 7.3;
						TestTargetID = B453F69F1C60C8BA00289EBD;
					};
				};
			};
			buildConfigurationList = B453F69B1C60C8BA00289EBD /* Build configuration list for PBXProject "transitionDemo" */;
			compatibilityVersion = "Xcode 3.2";
			developmentRegion = English;
			hasScannedForEncodings = 0;
			knownRegions = (
				en,
				Base,
			);
			mainGroup = B453F6971C60C8BA00289EBD;
			productRefGroup = B453F6A11C60C8BA00289EBD /* Products */;
			projectDirPath = "";
			projectRoot = "";
			targets = (
				B453F69F1C60C8BA00289EBD /* transitionDemo */,
				B453F6B31C60C8BB00289EBD /* transitionDemoTests */,
				B453F6BE1C60C8BB00289EBD /* transitionDemoUITests */,
			);
		};
/* End PBXProject section */

/* Begin PBXResourcesBuildPhase section */
		B453F69E1C60C8BA00289EBD /* Resources */ = {
			isa = PBXResourcesBuildPhase;
			buildActionMask = 2147483647;
			files = (
				B453F6AE1C60C8BA00289EBD /* LaunchScreen.storyboard in Resources */,
				B453F6AB1C60C8BA00289EBD /* Assets.xcassets in Resources */,
				B453F6DF1C61F07D00289EBD /* Another.storyboard in Resources */,
				B453F6A91C60C8BA00289EBD /* Main.storyboard in Resources */,
			);
			runOnlyForDeploymentPostprocessing = 0;
		};
		B453F6B21C60C8BB00289EBD /* Resources */ = {
			isa = PBXResourcesBuildPhase;
			buildActionMask = 2147483647;
			files = (
			);
			runOnlyForDeploymentPostprocessing = 0;
		};
		B453F6BD1C60C8BB00289EBD /* Resources */ = {
			isa = PBXResourcesBuildPhase;
			buildActionMask = 2147483647;
			files = (
			);
			runOnlyForDeploymentPostprocessing = 0;
		};
/* End PBXResourcesBuildPhase section */

/* Begin PBXSourcesBuildPhase section */
		B453F69C1C60C8BA00289EBD /* Sources */ = {
			isa = PBXSourcesBuildPhase;
			buildActionMask = 2147483647;
			files = (
				B453F6A41C60C8BA00289EBD /* AppDelegate.swift in Sources */,
				B453F6E11C61F3C600289EBD /* AnotherStoryboardSegue.swift in Sources */,
				B453F6D41C60CDEB00289EBD /* TDViewController.swift in Sources */,
				B453F6D21C60CDD900289EBD /* TDTableViewController.swift in Sources */,
				B453F6DB1C61B98500289EBD /* DetailTransitioningAnimator.swift in Sources */,
				B453F6DD1C61C41D00289EBD /* NavigationControllerDelegate.swift in Sources */,
				B453F6D91C60FF7200289EBD /* DetailStoryboardSegue.swift in Sources */,
			);
			runOnlyForDeploymentPostprocessing = 0;
		};
		B453F6B01C60C8BB00289EBD /* Sources */ = {
			isa = PBXSourcesBuildPhase;
			buildActionMask = 2147483647;
			files = (
				B453F6B91C60C8BB00289EBD /* transitionDemoTests.swift in Sources */,
			);
			runOnlyForDeploymentPostprocessing = 0;
		};
		B453F6BB1C60C8BB00289EBD /* Sources */ = {
			isa = PBXSourcesBuildPhase;
			buildActionMask = 2147483647;
			files = (
				B453F6C41C60C8BB00289EBD /* transitionDemoUITests.swift in Sources */,
			);
			runOnlyForDeploymentPostprocessing = 0;
		};
/* End PBXSourcesBuildPhase section */

/* Begin PBXTargetDependency section */
		B453F6B61C60C8BB00289EBD /* PBXTargetDependency */ = {
			isa = PBXTargetDependency;
			target = B453F69F1C60C8BA00289EBD /* transitionDemo */;
			targetProxy = B453F6B51C60C8BB00289EBD /* PBXContainerItemProxy */;
		};
		B453F6C11C60C8BB00289EBD /* PBXTargetDependency */ = {
			isa = PBXTargetDependency;
			target = B453F69F1C60C8BA00289EBD /* transitionDemo */;
			targetProxy = B453F6C01C60C8BB00289EBD /* PBXContainerItemProxy */;
		};
/* End PBXTargetDependency section */

/* Begin PBXVariantGroup section */
		B453F6A71C60C8BA00289EBD /* Main.storyboard */ = {
			isa = PBXVariantGroup;
			children = (
				B453F6A81C60C8BA00289EBD /* Base */,
			);
			name = Main.storyboard;
			sourceTree = "<group>";
		};
		B453F6AC1C60C8BA00289EBD /* LaunchScreen.storyboard */ = {
			isa = PBXVariantGroup;
			children = (
				B453F6AD1C60C8BA00289EBD /* Base */,
			);
			name = LaunchScreen.storyboard;
			sourceTree = "<group>";
		};
/* End PBXVariantGroup section */

/* Begin XCBuildConfiguration section */
		B453F6C61C60C8BB00289EBD /* Debug */ = {
			isa = XCBuildConfiguration;
			buildSettings = {
				ALWAYS_SEARCH_USER_PATHS = NO;
				CLANG_CXX_LANGUAGE_STANDARD = "gnu++0x";
				CLANG_CXX_LIBRARY = "libc++";
				CLANG_ENABLE_MODULES = YES;
				CLANG_ENABLE_OBJC_ARC = YES;
				CLANG_WARN_BOOL_CONVERSION = YES;
				CLANG_WARN_CONSTANT_CONVERSION = YES;
				CLANG_WARN_DIRECT_OBJC_ISA_USAGE = YES_ERROR;
				CLANG_WARN_EMPTY_BODY = YES;
				CLANG_WARN_ENUM_CONVERSION = YES;
				CLANG_WARN_INT_CONVERSION = YES;
				CLANG_WARN_OBJC_ROOT_CLASS = YES_ERROR;
				CLANG_WARN_UNREACHABLE_CODE = YES;
				CLANG_WARN__DUPLICATE_METHOD_MATCH = YES;
				"CODE_SIGN_IDENTITY[sdk=iphoneos*]" = "iPhone Developer";
				COPY_PHASE_STRIP = NO;
				DEBUG_INFORMATION_FORMAT = dwarf;
				ENABLE_STRICT_OBJC_MSGSEND = YES;
				ENABLE_TESTABILITY = YES;
				GCC_C_LANGUAGE_STANDARD = gnu99;
				GCC_DYNAMIC_NO_PIC = NO;
				GCC_NO_COMMON_BLOCKS = YES;
				GCC_OPTIMIZATION_LEVEL = 0;
				GCC_PREPROCESSOR_DEFINITIONS = (
					"DEBUG=1",
					"$(inherited)",
				);
				GCC_WARN_64_TO_32_BIT_CONVERSION = YES;
				GCC_WARN_ABOUT_RETURN_TYPE = YES_ERROR;
				GCC_WARN_UNDECLARED_SELECTOR = YES;
				GCC_WARN_UNINITIALIZED_AUTOS = YES_AGGRESSIVE;
				GCC_WARN_UNUSED_FUNCTION = YES;
				GCC_WARN_UNUSED_VARIABLE = YES;
				IPHONEOS_DEPLOYMENT_TARGET = 9.3;
				MTL_ENABLE_DEBUG_INFO = YES;
				ONLY_ACTIVE_ARCH = YES;
				SDKROOT = iphoneos;
				SWIFT_OPTIMIZATION_LEVEL = "-Onone";
			};
			name = Debug;
		};
		B453F6C71C60C8BB00289EBD /* Release */ = {
			isa = XCBuildConfiguration;
			buildSettings = {
				ALWAYS_SEARCH_USER_PATHS = NO;
				CLANG_CXX_LANGUAGE_STANDARD = "gnu++0x";
				CLANG_CXX_LIBRARY = "libc++";
				CLANG_ENABLE_MODULES = YES;
				CLANG_ENABLE_OBJC_ARC = YES;
				CLANG_WARN_BOOL_CONVERSION = YES;
				CLANG_WARN_CONSTANT_CONVERSION = YES;
				CLANG_WARN_DIRECT_OBJC_ISA_USAGE = YES_ERROR;
				CLANG_WARN_EMPTY_BODY = YES;
				CLANG_WARN_ENUM_CONVERSION = YES;
				CLANG_WARN_INT_CONVERSION = YES;
				CLANG_WARN_OBJC_ROOT_CLASS = YES_ERROR;
				CLANG_WARN_UNREACHABLE_CODE = YES;
				CLANG_WARN__DUPLICATE_METHOD_MATCH = YES;
				"CODE_SIGN_IDENTITY[sdk=iphoneos*]" = "iPhone Developer";
				COPY_PHASE_STRIP = NO;
				DEBUG_INFORMATION_FORMAT = "dwarf-with-dsym";
				ENABLE_NS_ASSERTIONS = NO;
				ENABLE_STRICT_OBJC_MSGSEND = YES;
				GCC_C_LANGUAGE_STANDARD = gnu99;
				GCC_NO_COMMON_BLOCKS = YES;
				GCC_WARN_64_TO_32_BIT_CONVERSION = YES;
				GCC_WARN_ABOUT_RETURN_TYPE = YES_ERROR;
				GCC_WARN_UNDECLARED_SELECTOR = YES;
				GCC_WARN_UNINITIALIZED_AUTOS = YES_AGGRESSIVE;
				GCC_WARN_UNUSED_FUNCTION = YES;
				GCC_WARN_UNUSED_VARIABLE = YES;
				IPHONEOS_DEPLOYMENT_TARGET = 9.3;
				MTL_ENABLE_DEBUG_INFO = NO;
				SDKROOT = iphoneos;
				VALIDATE_PRODUCT = YES;
			};
			name = Release;
		};
		B453F6C91C60C8BB00289EBD /* Debug */ = {
			isa = XCBuildConfiguration;
			buildSettings = {
				ASSETCATALOG_COMPILER_APPICON_NAME = AppIcon;
				INFOPLIST_FILE = transitionDemo/Info.plist;
				IPHONEOS_DEPLOYMENT_TARGET = 9.0;
				LD_RUNPATH_SEARCH_PATHS = "$(inherited) @executable_path/Frameworks";
				PRODUCT_BUNDLE_IDENTIFIER = com.thunderstudio.apps.transitionDemo;
				PRODUCT_NAME = "$(TARGET_NAME)";
			};
			name = Debug;
		};
		B453F6CA1C60C8BB00289EBD /* Release */ = {
			isa = XCBuildConfiguration;
			buildSettings = {
				ASSETCATALOG_COMPILER_APPICON_NAME = AppIcon;
				INFOPLIST_FILE = transitionDemo/Info.plist;
				IPHONEOS_DEPLOYMENT_TARGET = 9.0;
				LD_RUNPATH_SEARCH_PATHS = "$(inherited) @executable_path/Frameworks";
				PRODUCT_BUNDLE_IDENTIFIER = com.thunderstudio.apps.transitionDemo;
				PRODUCT_NAME = "$(TARGET_NAME)";
			};
			name = Release;
		};
		B453F6CC1C60C8BB00289EBD /* Debug */ = {
			isa = XCBuildConfiguration;
			buildSettings = {
				BUNDLE_LOADER = "$(TEST_HOST)";
				INFOPLIST_FILE = transitionDemoTests/Info.plist;
				LD_RUNPATH_SEARCH_PATHS = "$(inherited) @executable_path/Frameworks @loader_path/Frameworks";
				PRODUCT_BUNDLE_IDENTIFIER = com.thunderstudio.apps.transitionDemoTests;
				PRODUCT_NAME = "$(TARGET_NAME)";
				TEST_HOST = "$(BUILT_PRODUCTS_DIR)/transitionDemo.app/transitionDemo";
			};
			name = Debug;
		};
		B453F6CD1C60C8BB00289EBD /* Release */ = {
			isa = XCBuildConfiguration;
			buildSettings = {
				BUNDLE_LOADER = "$(TEST_HOST)";
				INFOPLIST_FILE = transitionDemoTests/Info.plist;
				LD_RUNPATH_SEARCH_PATHS = "$(inherited) @executable_path/Frameworks @loader_path/Frameworks";
				PRODUCT_BUNDLE_IDENTIFIER = com.thunderstudio.apps.transitionDemoTests;
				PRODUCT_NAME = "$(TARGET_NAME)";
				TEST_HOST = "$(BUILT_PRODUCTS_DIR)/transitionDemo.app/transitionDemo";
			};
			name = Release;
		};
		B453F6CF1C60C8BB00289EBD /* Debug */ = {
			isa = XCBuildConfiguration;
			buildSettings = {
				INFOPLIST_FILE = transitionDemoUITests/Info.plist;
				LD_RUNPATH_SEARCH_PATHS = "$(inherited) @executable_path/Frameworks @loader_path/Frameworks";
				PRODUCT_BUNDLE_IDENTIFIER = com.thunderstudio.apps.transitionDemoUITests;
				PRODUCT_NAME = "$(TARGET_NAME)";
				TEST_TARGET_NAME = transitionDemo;
			};
			name = Debug;
		};
		B453F6D01C60C8BB00289EBD /* Release */ = {
			isa = XCBuildConfiguration;
			buildSettings = {
				INFOPLIST_FILE = transitionDemoUITests/Info.plist;
				LD_RUNPATH_SEARCH_PATHS = "$(inherited) @executable_path/Frameworks @loader_path/Frameworks";
				PRODUCT_BUNDLE_IDENTIFIER = com.thunderstudio.apps.transitionDemoUITests;
				PRODUCT_NAME = "$(TARGET_NAME)";
				TEST_TARGET_NAME = transitionDemo;
			};
			name = Release;
		};
/* End XCBuildConfiguration section */

/* Begin XCConfigurationList section */
		B453F69B1C60C8BA00289EBD /* Build configuration list for PBXProject "transitionDemo" */ = {
			isa = XCConfigurationList;
			buildConfigurations = (
				B453F6C61C60C8BB00289EBD /* Debug */,
				B453F6C71C60C8BB00289EBD /* Release */,
			);
			defaultConfigurationIsVisible = 0;
			defaultConfigurationName = Release;
		};
		B453F6C81C60C8BB00289EBD /* Build configuration list for PBXNativeTarget "transitionDemo" */ = {
			isa = XCConfigurationList;
			buildConfigurations = (
				B453F6C91C60C8BB00289EBD /* Debug */,
				B453F6CA1C60C8BB00289EBD /* Release */,
			);
			defaultConfigurationIsVisible = 0;
		};
		B453F6CB1C60C8BB00289EBD /* Build configuration list for PBXNativeTarget "transitionDemoTests" */ = {
			isa = XCConfigurationList;
			buildConfigurations = (
				B453F6CC1C60C8BB00289EBD /* Debug */,
				B453F6CD1C60C8BB00289EBD /* Release */,
			);
			defaultConfigurationIsVisible = 0;
		};
		B453F6CE1C60C8BB00289EBD /* Build configuration list for PBXNativeTarget "transitionDemoUITests" */ = {
			isa = XCConfigurationList;
			buildConfigurations = (
				B453F6CF1C60C8BB00289EBD /* Debug */,
				B453F6D01C60C8BB00289EBD /* Release */,
			);
			defaultConfigurationIsVisible = 0;
		};
/* End XCConfigurationList section */
	};
	rootObject = B453F6981C60C8BA00289EBD /* Project object */;
}
